
Microsoft Visual Studio Solution File, Format Version 12.00
# Visual Studio Version 17
VisualStudioVersion = 17.11.35208.52
MinimumVisualStudioVersion = 10.0.40219.1
Project("{FAE04EC0-301F-11D3-BF4B-00C04F79EFBC}") = "FileUpload.Web", "FileUpload\FileUpload.Web.csproj", "{B517B6A7-4BC4-4496-80C1-4A838AB84CA5}"
EndProject
Project("{FAE04EC0-301F-11D3-BF4B-00C04F79EFBC}") = "FileUpload.Data", "FileUpload.Data\FileUpload.Data.csproj", "{41D42911-5BA0-45A1-B88A-3847A94816F8}"
EndProject
Global
	GlobalSection(SolutionConfigurationPlatforms) = preSolution
		Debug|Any CPU = Debug|Any CPU
		Release|Any CPU = Release|Any CPU
	EndGlobalSection
	GlobalSection(ProjectConfigurationPlatforms) = postSolution
		{B517B6A7-4BC4-4496-80C1-4A838AB84CA5}.Debug|Any CPU.ActiveCfg = Debug|Any CPU
		{B517B6A7-4BC4-4496-80C1-4A838AB84CA5}.Debug|Any CPU.Build.0 = Debug|Any CPU
		{B517B6A7-4BC4-4496-80C1-4A838AB84CA5}.Release|Any CPU.ActiveCfg = Release|Any CPU
		{B517B6A7-4BC4-4496-80C1-4A838AB84CA5}.Release|Any CPU.Build.0 = Release|Any CPU
		{41D42911-5BA0-45A1-B88A-3847A94816F8}.Debug|Any CPU.ActiveCfg = Debug|Any CPU
		{41D42911-5BA0-45A1-B88A-3847A94816F8}.Debug|Any CPU.Build.0 = Debug|Any CPU
		{41D42911-5BA0-45A1-B88A-3847A94816F8}.Release|Any CPU.ActiveCfg = Release|Any CPU
		{41D42911-5BA0-45A1-B88A-3847A94816F8}.Release|Any CPU.Build.0 = Release|Any CPU
	EndGlobalSection
	GlobalSection(SolutionProperties) = preSolution
		HideSolutionNode = FALSE
	EndGlobalSection
	GlobalSection(ExtensibilityGlobals) = postSolution
		SolutionGuid = {5A7E83D2-D9EC-43A3-A2E5-4690E5B05176}
	EndGlobalSection
EndGlobal
